
Microsoft Visual Studio Solution File, Format Version 12.00
# Visual Studio 2012
Project("{FAE04EC0-301F-11D3-BF4B-00C04F79EFBC}") = "DOPFNsDemo1", "DOPFNsDemo1\DOPFNsDemo1.csproj", "{607E0D0C-CDCA-4E9B-BBD9-8386D9DCC145}"
EndProject
Global
	GlobalSection(SolutionConfigurationPlatforms) = preSolution
		Debug|Any CPU = Debug|Any CPU
		Release|Any CPU = Release|Any CPU
	EndGlobalSection
	GlobalSection(ProjectConfigurationPlatforms) = postSolution
		{607E0D0C-CDCA-4E9B-BBD9-8386D9DCC145}.Debug|Any CPU.ActiveCfg = Debug|Any CPU
		{607E0D0C-CDCA-4E9B-BBD9-8386D9DCC145}.Debug|Any CPU.Build.0 = Debug|Any CPU
		{607E0D0C-CDCA-4E9B-BBD9-8386D9DCC145}.Release|Any CPU.ActiveCfg = Release|Any CPU
		{607E0D0C-CDCA-4E9B-BBD9-8386D9DCC145}.Release|Any CPU.Build.0 = Release|Any CPU
	EndGlobalSection
	GlobalSection(SolutionProperties) = preSolution
		HideSolutionNode = FALSE
	EndGlobalSection
EndGlobal
